
Microsoft Visual Studio Solution File, Format Version 12.00
# Visual Studio 15
VisualStudioVersion = 15.0.28010.2046
MinimumVisualStudioVersion = 10.0.40219.1
Project("{FAE04EC0-301F-11D3-BF4B-00C04F79EFBC}") = "OrderConsole", "OrderConsole\OrderConsole.csproj", "{10B942D8-6049-42EE-8B8F-2E3F64E3EC86}"
EndProject
Project("{FAE04EC0-301F-11D3-BF4B-00C04F79EFBC}") = "DrawCayleyTree", "DrawCayleyTree\DrawCayleyTree.csproj", "{1E335B49-4CEB-44ED-8285-D964F611922C}"
EndProject
Global
	GlobalSection(SolutionConfigurationPlatforms) = preSolution
		Debug|Any CPU = Debug|Any CPU
		Release|Any CPU = Release|Any CPU
	EndGlobalSection
	GlobalSection(ProjectConfigurationPlatforms) = postSolution
		{10B942D8-6049-42EE-8B8F-2E3F64E3EC86}.Debug|Any CPU.ActiveCfg = Debug|Any CPU
		{10B942D8-6049-42EE-8B8F-2E3F64E3EC86}.Debug|Any CPU.Build.0 = Debug|Any CPU
		{10B942D8-6049-42EE-8B8F-2E3F64E3EC86}.Release|Any CPU.ActiveCfg = Release|Any CPU
		{10B942D8-6049-42EE-8B8F-2E3F64E3EC86}.Release|Any CPU.Build.0 = Release|Any CPU
		{1E335B49-4CEB-44ED-8285-D964F611922C}.Debug|Any CPU.ActiveCfg = Debug|Any CPU
		{1E335B49-4CEB-44ED-8285-D964F611922C}.Debug|Any CPU.Build.0 = Debug|Any CPU
		{1E335B49-4CEB-44ED-8285-D964F611922C}.Release|Any CPU.ActiveCfg = Release|Any CPU
		{1E335B49-4CEB-44ED-8285-D964F611922C}.Release|Any CPU.Build.0 = Release|Any CPU
	EndGlobalSection
	GlobalSection(SolutionProperties) = preSolution
		HideSolutionNode = FALSE
	EndGlobalSection
	GlobalSection(ExtensibilityGlobals) = postSolution
		SolutionGuid = {AB38CE7D-DBC0-4765-AE67-282BC9ACDBDC}
	EndGlobalSection
EndGlobal
